
Microsoft Visual Studio Solution File, Format Version 12.00
# Visual Studio Version 17
VisualStudioVersion = 17.5.002.0
MinimumVisualStudioVersion = 10.0.40219.1
Project("{2150E333-8FDC-42A3-9474-1A3956D46DE8}") = "Labfiles", "Labfiles", "{6D9D6629-64FB-4D66-AE08-6DE633F11C80}"
EndProject
Project("{2150E333-8FDC-42A3-9474-1A3956D46DE8}") = "01-analyze-images", "01-analyze-images", "{D218BA55-3254-4A46-96C3-102B755F0872}"
EndProject
Project("{2150E333-8FDC-42A3-9474-1A3956D46DE8}") = "C-Sharp", "C-Sharp", "{064255AD-CD85-4604-8F28-96670EA0702A}"
EndProject
Project("{9A19103F-16F7-4668-BE54-9A1E7A4F7556}") = "image-analysis", "Labfiles\01-analyze-images\C-Sharp\image-analysis\image-analysis.csproj", "{A9C25AB4-E224-4766-B130-D430EB9713FF}"
EndProject
Project("{2150E333-8FDC-42A3-9474-1A3956D46DE8}") = "03-object-detection", "03-object-detection", "{C1EB594C-7DAC-45BF-B3E4-F809E240D865}"
EndProject
Project("{2150E333-8FDC-42A3-9474-1A3956D46DE8}") = "C-Sharp", "C-Sharp", "{AB490729-90E9-41C3-B587-305E03D7C4C8}"
EndProject
Project("{9A19103F-16F7-4668-BE54-9A1E7A4F7556}") = "test-detector", "Labfiles\03-object-detection\C-Sharp\test-detector\test-detector.csproj", "{3D6C9272-DDD6-4DC3-B83C-3C4AFC18BB09}"
EndProject
Project("{9A19103F-16F7-4668-BE54-9A1E7A4F7556}") = "train-detector", "Labfiles\03-object-detection\C-Sharp\train-detector\train-detector.csproj", "{5F1F3222-EBE7-4AD9-B395-69B9D288B929}"
EndProject
Project("{2150E333-8FDC-42A3-9474-1A3956D46DE8}") = "04-face", "04-face", "{B91F6163-37A7-4EFA-90A7-CB3A8C61B773}"
EndProject
Project("{2150E333-8FDC-42A3-9474-1A3956D46DE8}") = "C-Sharp", "C-Sharp", "{FFBFC3FD-6164-422A-AB9B-427EA4022746}"
EndProject
Project("{9A19103F-16F7-4668-BE54-9A1E7A4F7556}") = "detect-people", "Labfiles\04-face\C-Sharp\computer-vision\detect-people.csproj", "{9511E3CE-147C-44AA-A1ED-BBAA96505508}"
EndProject
Project("{9A19103F-16F7-4668-BE54-9A1E7A4F7556}") = "analyze-faces", "Labfiles\04-face\C-Sharp\face-api\analyze-faces.csproj", "{ABB0253A-C1FF-406B-A403-4E941219C265}"
EndProject
Project("{2150E333-8FDC-42A3-9474-1A3956D46DE8}") = "05-ocr", "05-ocr", "{09C902F1-8F23-46BB-9006-050716F3E90F}"
EndProject
Project("{2150E333-8FDC-42A3-9474-1A3956D46DE8}") = "C-Sharp", "C-Sharp", "{484E86EB-0148-4805-95A0-CEF37C7D895B}"
EndProject
Project("{9A19103F-16F7-4668-BE54-9A1E7A4F7556}") = "read-text", "Labfiles\05-ocr\C-Sharp\read-text\read-text.csproj", "{EE4869C8-2FF4-4DD1-923E-F1C920D3E00C}"
EndProject
Project("{2150E333-8FDC-42A3-9474-1A3956D46DE8}") = "07-custom-vision-image-classification", "07-custom-vision-image-classification", "{E7A300D0-1C3C-410A-A975-F55737F147B3}"
EndProject
Project("{2150E333-8FDC-42A3-9474-1A3956D46DE8}") = "C-Sharp", "C-Sharp", "{F47B83A4-1420-4A75-ABB3-389FD5908ABD}"
EndProject
Project("{9A19103F-16F7-4668-BE54-9A1E7A4F7556}") = "test-classifier", "Labfiles\07-custom-vision-image-classification\C-Sharp\test-classifier\test-classifier.csproj", "{17B5CADE-9A82-42F2-BA23-3C42026C6514}"
EndProject
Project("{9A19103F-16F7-4668-BE54-9A1E7A4F7556}") = "train-classifier", "Labfiles\07-custom-vision-image-classification\C-Sharp\train-classifier\train-classifier.csproj", "{90EA842E-07EB-4177-910E-B7143459F493}"
EndProject
Global
	GlobalSection(SolutionConfigurationPlatforms) = preSolution
		Debug|Any CPU = Debug|Any CPU
		Release|Any CPU = Release|Any CPU
	EndGlobalSection
	GlobalSection(ProjectConfigurationPlatforms) = postSolution
		{A9C25AB4-E224-4766-B130-D430EB9713FF}.Debug|Any CPU.ActiveCfg = Debug|Any CPU
		{A9C25AB4-E224-4766-B130-D430EB9713FF}.Debug|Any CPU.Build.0 = Debug|Any CPU
		{A9C25AB4-E224-4766-B130-D430EB9713FF}.Release|Any CPU.ActiveCfg = Release|Any CPU
		{A9C25AB4-E224-4766-B130-D430EB9713FF}.Release|Any CPU.Build.0 = Release|Any CPU
		{3D6C9272-DDD6-4DC3-B83C-3C4AFC18BB09}.Debug|Any CPU.ActiveCfg = Debug|Any CPU
		{3D6C9272-DDD6-4DC3-B83C-3C4AFC18BB09}.Debug|Any CPU.Build.0 = Debug|Any CPU
		{3D6C9272-DDD6-4DC3-B83C-3C4AFC18BB09}.Release|Any CPU.ActiveCfg = Release|Any CPU
		{3D6C9272-DDD6-4DC3-B83C-3C4AFC18BB09}.Release|Any CPU.Build.0 = Release|Any CPU
		{5F1F3222-EBE7-4AD9-B395-69B9D288B929}.Debug|Any CPU.ActiveCfg = Debug|Any CPU
		{5F1F3222-EBE7-4AD9-B395-69B9D288B929}.Debug|Any CPU.Build.0 = Debug|Any CPU
		{5F1F3222-EBE7-4AD9-B395-69B9D288B929}.Release|Any CPU.ActiveCfg = Release|Any CPU
		{5F1F3222-EBE7-4AD9-B395-69B9D288B929}.Release|Any CPU.Build.0 = Release|Any CPU
		{9511E3CE-147C-44AA-A1ED-BBAA96505508}.Debug|Any CPU.ActiveCfg = Debug|Any CPU
		{9511E3CE-147C-44AA-A1ED-BBAA96505508}.Debug|Any CPU.Build.0 = Debug|Any CPU
		{9511E3CE-147C-44AA-A1ED-BBAA96505508}.Release|Any CPU.ActiveCfg = Release|Any CPU
		{9511E3CE-147C-44AA-A1ED-BBAA96505508}.Release|Any CPU.Build.0 = Release|Any CPU
		{ABB0253A-C1FF-406B-A403-4E941219C265}.Debug|Any CPU.ActiveCfg = Debug|Any CPU
		{ABB0253A-C1FF-406B-A403-4E941219C265}.Debug|Any CPU.Build.0 = Debug|Any CPU
		{ABB0253A-C1FF-406B-A403-4E941219C265}.Release|Any CPU.ActiveCfg = Release|Any CPU
		{ABB0253A-C1FF-406B-A403-4E941219C265}.Release|Any CPU.Build.0 = Release|Any CPU
		{EE4869C8-2FF4-4DD1-923E-F1C920D3E00C}.Debug|Any CPU.ActiveCfg = Debug|Any CPU
		{EE4869C8-2FF4-4DD1-923E-F1C920D3E00C}.Debug|Any CPU.Build.0 = Debug|Any CPU
		{EE4869C8-2FF4-4DD1-923E-F1C920D3E00C}.Release|Any CPU.ActiveCfg = Release|Any CPU
		{EE4869C8-2FF4-4DD1-923E-F1C920D3E00C}.Release|Any CPU.Build.0 = Release|Any CPU
		{17B5CADE-9A82-42F2-BA23-3C42026C6514}.Debug|Any CPU.ActiveCfg = Debug|Any CPU
		{17B5CADE-9A82-42F2-BA23-3C42026C6514}.Debug|Any CPU.Build.0 = Debug|Any CPU
		{17B5CADE-9A82-42F2-BA23-3C42026C6514}.Release|Any CPU.ActiveCfg = Release|Any CPU
		{17B5CADE-9A82-42F2-BA23-3C42026C6514}.Release|Any CPU.Build.0 = Release|Any CPU
		{90EA842E-07EB-4177-910E-B7143459F493}.Debug|Any CPU.ActiveCfg = Debug|Any CPU
		{90EA842E-07EB-4177-910E-B7143459F493}.Debug|Any CPU.Build.0 = Debug|Any CPU
		{90EA842E-07EB-4177-910E-B7143459F493}.Release|Any CPU.ActiveCfg = Release|Any CPU
		{90EA842E-07EB-4177-910E-B7143459F493}.Release|Any CPU.Build.0 = Release|Any CPU
	EndGlobalSection
	GlobalSection(SolutionProperties) = preSolution
		HideSolutionNode = FALSE
	EndGlobalSection
	GlobalSection(NestedProjects) = preSolution
		{D218BA55-3254-4A46-96C3-102B755F0872} = {6D9D6629-64FB-4D66-AE08-6DE633F11C80}
		{064255AD-CD85-4604-8F28-96670EA0702A} = {D218BA55-3254-4A46-96C3-102B755F0872}
		{A9C25AB4-E224-4766-B130-D430EB9713FF} = {064255AD-CD85-4604-8F28-96670EA0702A}
		{C1EB594C-7DAC-45BF-B3E4-F809E240D865} = {6D9D6629-64FB-4D66-AE08-6DE633F11C80}
		{AB490729-90E9-41C3-B587-305E03D7C4C8} = {C1EB594C-7DAC-45BF-B3E4-F809E240D865}
		{3D6C9272-DDD6-4DC3-B83C-3C4AFC18BB09} = {AB490729-90E9-41C3-B587-305E03D7C4C8}
		{5F1F3222-EBE7-4AD9-B395-69B9D288B929} = {AB490729-90E9-41C3-B587-305E03D7C4C8}
		{B91F6163-37A7-4EFA-90A7-CB3A8C61B773} = {6D9D6629-64FB-4D66-AE08-6DE633F11C80}
		{FFBFC3FD-6164-422A-AB9B-427EA4022746} = {B91F6163-37A7-4EFA-90A7-CB3A8C61B773}
		{9511E3CE-147C-44AA-A1ED-BBAA96505508} = {FFBFC3FD-6164-422A-AB9B-427EA4022746}
		{ABB0253A-C1FF-406B-A403-4E941219C265} = {FFBFC3FD-6164-422A-AB9B-427EA4022746}
		{09C902F1-8F23-46BB-9006-050716F3E90F} = {6D9D6629-64FB-4D66-AE08-6DE633F11C80}
		{484E86EB-0148-4805-95A0-CEF37C7D895B} = {09C902F1-8F23-46BB-9006-050716F3E90F}
		{EE4869C8-2FF4-4DD1-923E-F1C920D3E00C} = {484E86EB-0148-4805-95A0-CEF37C7D895B}
		{E7A300D0-1C3C-410A-A975-F55737F147B3} = {6D9D6629-64FB-4D66-AE08-6DE633F11C80}
		{F47B83A4-1420-4A75-ABB3-389FD5908ABD} = {E7A300D0-1C3C-410A-A975-F55737F147B3}
		{17B5CADE-9A82-42F2-BA23-3C42026C6514} = {F47B83A4-1420-4A75-ABB3-389FD5908ABD}
		{90EA842E-07EB-4177-910E-B7143459F493} = {F47B83A4-1420-4A75-ABB3-389FD5908ABD}
	EndGlobalSection
	GlobalSection(ExtensibilityGlobals) = postSolution
		SolutionGuid = {961AD6EF-D48F-464E-8960-9E9A61BC6B3D}
	EndGlobalSection
EndGlobal
